
Microsoft Visual Studio Solution File, Format Version 12.00
# Visual Studio 15
VisualStudioVersion = 15.0.26124.0
MinimumVisualStudioVersion = 15.0.26124.0
Project("{2150E333-8FDC-42A3-9474-1A3956D46DE8}") = "src", "src", "{6E28FB2C-6955-4EE3-B29A-585E22A8417C}"
EndProject
Project("{FAE04EC0-301F-11D3-BF4B-00C04F79EFBC}") = "SqlStreamStore.Locking", "src\SqlStreamStore.Locking\SqlStreamStore.Locking.csproj", "{E1BAC79C-9112-43B7-8E1F-333CB67D0357}"
EndProject
Project("{FAE04EC0-301F-11D3-BF4B-00C04F79EFBC}") = "SqlStreamStore.Locking.Tests", "src\SqlStreamStore.Locking.tests\SqlStreamStore.Locking.Tests.csproj", "{8C6B86DF-652F-4D60-9BB0-CD37AA9747A7}"
EndProject
Global
	GlobalSection(SolutionConfigurationPlatforms) = preSolution
		Debug|Any CPU = Debug|Any CPU
		Debug|x64 = Debug|x64
		Debug|x86 = Debug|x86
		Release|Any CPU = Release|Any CPU
		Release|x64 = Release|x64
		Release|x86 = Release|x86
	EndGlobalSection
	GlobalSection(SolutionProperties) = preSolution
		HideSolutionNode = FALSE
	EndGlobalSection
	GlobalSection(ProjectConfigurationPlatforms) = postSolution
		{E1BAC79C-9112-43B7-8E1F-333CB67D0357}.Debug|Any CPU.ActiveCfg = Debug|Any CPU
		{E1BAC79C-9112-43B7-8E1F-333CB67D0357}.Debug|Any CPU.Build.0 = Debug|Any CPU
		{E1BAC79C-9112-43B7-8E1F-333CB67D0357}.Debug|x64.ActiveCfg = Debug|Any CPU
		{E1BAC79C-9112-43B7-8E1F-333CB67D0357}.Debug|x64.Build.0 = Debug|Any CPU
		{E1BAC79C-9112-43B7-8E1F-333CB67D0357}.Debug|x86.ActiveCfg = Debug|Any CPU
		{E1BAC79C-9112-43B7-8E1F-333CB67D0357}.Debug|x86.Build.0 = Debug|Any CPU
		{E1BAC79C-9112-43B7-8E1F-333CB67D0357}.Release|Any CPU.ActiveCfg = Release|Any CPU
		{E1BAC79C-9112-43B7-8E1F-333CB67D0357}.Release|Any CPU.Build.0 = Release|Any CPU
		{E1BAC79C-9112-43B7-8E1F-333CB67D0357}.Release|x64.ActiveCfg = Release|Any CPU
		{E1BAC79C-9112-43B7-8E1F-333CB67D0357}.Release|x64.Build.0 = Release|Any CPU
		{E1BAC79C-9112-43B7-8E1F-333CB67D0357}.Release|x86.ActiveCfg = Release|Any CPU
		{E1BAC79C-9112-43B7-8E1F-333CB67D0357}.Release|x86.Build.0 = Release|Any CPU
		{8C6B86DF-652F-4D60-9BB0-CD37AA9747A7}.Debug|Any CPU.ActiveCfg = Debug|Any CPU
		{8C6B86DF-652F-4D60-9BB0-CD37AA9747A7}.Debug|Any CPU.Build.0 = Debug|Any CPU
		{8C6B86DF-652F-4D60-9BB0-CD37AA9747A7}.Debug|x64.ActiveCfg = Debug|Any CPU
		{8C6B86DF-652F-4D60-9BB0-CD37AA9747A7}.Debug|x64.Build.0 = Debug|Any CPU
		{8C6B86DF-652F-4D60-9BB0-CD37AA9747A7}.Debug|x86.ActiveCfg = Debug|Any CPU
		{8C6B86DF-652F-4D60-9BB0-CD37AA9747A7}.Debug|x86.Build.0 = Debug|Any CPU
		{8C6B86DF-652F-4D60-9BB0-CD37AA9747A7}.Release|Any CPU.ActiveCfg = Release|Any CPU
		{8C6B86DF-652F-4D60-9BB0-CD37AA9747A7}.Release|Any CPU.Build.0 = Release|Any CPU
		{8C6B86DF-652F-4D60-9BB0-CD37AA9747A7}.Release|x64.ActiveCfg = Release|Any CPU
		{8C6B86DF-652F-4D60-9BB0-CD37AA9747A7}.Release|x64.Build.0 = Release|Any CPU
		{8C6B86DF-652F-4D60-9BB0-CD37AA9747A7}.Release|x86.ActiveCfg = Release|Any CPU
		{8C6B86DF-652F-4D60-9BB0-CD37AA9747A7}.Release|x86.Build.0 = Release|Any CPU
	EndGlobalSection
	GlobalSection(NestedProjects) = preSolution
		{E1BAC79C-9112-43B7-8E1F-333CB67D0357} = {6E28FB2C-6955-4EE3-B29A-585E22A8417C}
		{8C6B86DF-652F-4D60-9BB0-CD37AA9747A7} = {6E28FB2C-6955-4EE3-B29A-585E22A8417C}
	EndGlobalSection
EndGlobal
